// !$*UTF8*$!
{
	archiveVersion = 1;
	classes = {
	};
	objectVersion = 50;
	objects = {

/* Begin PBXBuildFile section */
		20090AE726DE3E9400AB7FAE /* SceneDelegate.swift in Sources */ = {isa = PBXBuildFile; fileRef = 20090AE626DE3E9400AB7FAE /* SceneDelegate.swift */; };
		20090AE926DE3E9400AB7FAE /* LoginViewController.swift in Sources */ = {isa = PBXBuildFile; fileRef = 20090AE826DE3E9400AB7FAE /* LoginViewController.swift */; };
		20090AEC26DE3E9400AB7FAE /* Main.storyboard in Resources */ = {isa = PBXBuildFile; fileRef = 20090AEA26DE3E9400AB7FAE /* Main.storyboard */; };
		20090AEE26DE3E9400AB7FAE /* Assets.xcassets in Resources */ = {isa = PBXBuildFile; fileRef = 20090AED26DE3E9400AB7FAE /* Assets.xcassets */; };
		20090AF126DE3E9400AB7FAE /* LaunchScreen.storyboard in Resources */ = {isa = PBXBuildFile; fileRef = 20090AEF26DE3E9400AB7FAE /* LaunchScreen.storyboard */; };
		20090AFC26DE3E9400AB7FAE /* sdfsTests.swift in Sources */ = {isa = PBXBuildFile; fileRef = 20090AFB26DE3E9400AB7FAE /* sdfsTests.swift */; };
		20090B0726DE3E9400AB7FAE /* sdfsUITests.swift in Sources */ = {isa = PBXBuildFile; fileRef = 20090B0626DE3E9400AB7FAE /* sdfsUITests.swift */; };
		20090B1526DE3FF400AB7FAE /* BirthdayViewController.swift in Sources */ = {isa = PBXBuildFile; fileRef = 20090B1426DE3FF400AB7FAE /* BirthdayViewController.swift */; };
		20090B1726DE406C00AB7FAE /* AddPersonViewController.swift in Sources */ = {isa = PBXBuildFile; fileRef = 20090B1626DE406C00AB7FAE /* AddPersonViewController.swift */; };
		208F62D926E0C9F8009BCA28 /* AppDelegate.swift in Sources */ = {isa = PBXBuildFile; fileRef = 208F62D826E0C9F8009BCA28 /* AppDelegate.swift */; };
/* End PBXBuildFile section */

/* Begin PBXContainerItemProxy section */
		20090AF826DE3E9400AB7FAE /* PBXContainerItemProxy */ = {
			isa = PBXContainerItemProxy;
			containerPortal = 20090AD926DE3E9400AB7FAE /* Project object */;
			proxyType = 1;
			remoteGlobalIDString = 20090AE026DE3E9400AB7FAE;
			remoteInfo = sdfs;
		};
		20090B0326DE3E9400AB7FAE /* PBXContainerItemProxy */ = {
			isa = PBXContainerItemProxy;
			containerPortal = 20090AD926DE3E9400AB7FAE /* Project object */;
			proxyType = 1;
			remoteGlobalIDString = 20090AE026DE3E9400AB7FAE;
			remoteInfo = sdfs;
		};
/* End PBXContainerItemProxy section */

/* Begin PBXFileReference section */
		20090AE126DE3E9400AB7FAE /* sdfs.app */ = {isa = PBXFileReference; explicitFileType = wrapper.application; includeInIndex = 0; path = sdfs.app; sourceTree = BUILT_PRODUCTS_DIR; };
		20090AE626DE3E9400AB7FAE /* SceneDelegate.swift */ = {isa = PBXFileReference; lastKnownFileType = sourcecode.swift; path = SceneDelegate.swift; sourceTree = "<group>"; };
		20090AE826DE3E9400AB7FAE /* LoginViewController.swift */ = {isa = PBXFileReference; lastKnownFileType = sourcecode.swift; path = LoginViewController.swift; sourceTree = "<group>"; };
		20090AEB26DE3E9400AB7FAE /* Base */ = {isa = PBXFileReference; lastKnownFileType = file.storyboard; name = Base; path = Base.lproj/Main.storyboard; sourceTree = "<group>"; };
		20090AED26DE3E9400AB7FAE /* Assets.xcassets */ = {isa = PBXFileReference; lastKnownFileType = folder.assetcatalog; path = Assets.xcassets; sourceTree = "<group>"; };
		20090AF026DE3E9400AB7FAE /* Base */ = {isa = PBXFileReference; lastKnownFileType = file.storyboard; name = Base; path = Base.lproj/LaunchScreen.storyboard; sourceTree = "<group>"; };
		20090AF226DE3E9400AB7FAE /* Info.plist */ = {isa = PBXFileReference; lastKnownFileType = text.plist.xml; path = Info.plist; sourceTree = "<group>"; };
		20090AF726DE3E9400AB7FAE /* sdfsTests.xctest */ = {isa = PBXFileReference; explicitFileType = wrapper.cfbundle; includeInIndex = 0; path = sdfsTests.xctest; sourceTree = BUILT_PRODUCTS_DIR; };
		20090AFB26DE3E9400AB7FAE /* sdfsTests.swift */ = {isa = PBXFileReference; lastKnownFileType = sourcecode.swift; path = sdfsTests.swift; sourceTree = "<group>"; };
		20090AFD26DE3E9400AB7FAE /* Info.plist */ = {isa = PBXFileReference; lastKnownFileType = text.plist.xml; path = Info.plist; sourceTree = "<group>"; };
		20090B0226DE3E9400AB7FAE /* sdfsUITests.xctest */ = {isa = PBXFileReference; explicitFileType = wrapper.cfbundle; includeInIndex = 0; path = sdfsUITests.xctest; sourceTree = BUILT_PRODUCTS_DIR; };
		20090B0626DE3E9400AB7FAE /* sdfsUITests.swift */ = {isa = PBXFileReference; lastKnownFileType = sourcecode.swift; path = sdfsUITests.swift; sourceTree = "<group>"; };
		20090B0826DE3E9500AB7FAE /* Info.plist */ = {isa = PBXFileReference; lastKnownFileType = text.plist.xml; path = Info.plist; sourceTree = "<group>"; };
		20090B1426DE3FF400AB7FAE /* BirthdayViewController.swift */ = {isa = PBXFileReference; lastKnownFileType = sourcecode.swift; path = BirthdayViewController.swift; sourceTree = "<group>"; };
		20090B1626DE406C00AB7FAE /* AddPersonViewController.swift */ = {isa = PBXFileReference; lastKnownFileType = sourcecode.swift; path = AddPersonViewController.swift; sourceTree = "<group>"; };
		208F62D826E0C9F8009BCA28 /* AppDelegate.swift */ = {isa = PBXFileReference; lastKnownFileType = sourcecode.swift; path = AppDelegate.swift; sourceTree = "<group>"; };
/* End PBXFileReference section */

/* Begin PBXFrameworksBuildPhase section */
		20090ADE26DE3E9400AB7FAE /* Frameworks */ = {
			isa = PBXFrameworksBuildPhase;
			buildActionMask = 2147483647;
			files = (
			);
			runOnlyForDeploymentPostprocessing = 0;
		};
		20090AF426DE3E9400AB7FAE /* Frameworks */ = {
			isa = PBXFrameworksBuildPhase;
			buildActionMask = 2147483647;
			files = (
			);
			runOnlyForDeploymentPostprocessing = 0;
		};
		20090AFF26DE3E9400AB7FAE /* Frameworks */ = {
			isa = PBXFrameworksBuildPhase;
			buildActionMask = 2147483647;
			files = (
			);
			runOnlyForDeploymentPostprocessing = 0;
		};
/* End PBXFrameworksBuildPhase section */

/* Begin PBXGroup section */
		20090AD826DE3E9400AB7FAE = {
			isa = PBXGroup;
			children = (
				20090AE326DE3E9400AB7FAE /* sdfs */,
				20090AFA26DE3E9400AB7FAE /* sdfsTests */,
				20090B0526DE3E9400AB7FAE /* sdfsUITests */,
				20090AE226DE3E9400AB7FAE /* Products */,
			);
			sourceTree = "<group>";
		};
		20090AE226DE3E9400AB7FAE /* Products */ = {
			isa = PBXGroup;
			children = (
				20090AE126DE3E9400AB7FAE /* sdfs.app */,
				20090AF726DE3E9400AB7FAE /* sdfsTests.xctest */,
				20090B0226DE3E9400AB7FAE /* sdfsUITests.xctest */,
			);
			name = Products;
			sourceTree = "<group>";
		};
		20090AE326DE3E9400AB7FAE /* sdfs */ = {
			isa = PBXGroup;
			children = (
				208F62D826E0C9F8009BCA28 /* AppDelegate.swift */,
				20090AE626DE3E9400AB7FAE /* SceneDelegate.swift */,
				20090AE826DE3E9400AB7FAE /* LoginViewController.swift */,
				20090B1426DE3FF400AB7FAE /* BirthdayViewController.swift */,
				20090B1626DE406C00AB7FAE /* AddPersonViewController.swift */,
				20090AEA26DE3E9400AB7FAE /* Main.storyboard */,
				20090AED26DE3E9400AB7FAE /* Assets.xcassets */,
				20090AEF26DE3E9400AB7FAE /* LaunchScreen.storyboard */,
				20090AF226DE3E9400AB7FAE /* Info.plist */,
			);
			path = sdfs;
			sourceTree = "<group>";
		};
		20090AFA26DE3E9400AB7FAE /* sdfsTests */ = {
			isa = PBXGroup;
			children = (
				20090AFB26DE3E9400AB7FAE /* sdfsTests.swift */,
				20090AFD26DE3E9400AB7FAE /* Info.plist */,
			);
			path = sdfsTests;
			sourceTree = "<group>";
		};
		20090B0526DE3E9400AB7FAE /* sdfsUITests */ = {
			isa = PBXGroup;
			children = (
				20090B0626DE3E9400AB7FAE /* sdfsUITests.swift */,
				20090B0826DE3E9500AB7FAE /* Info.plist */,
			);
			path = sdfsUITests;
			sourceTree = "<group>";
		};
/* End PBXGroup section */

/* Begin PBXNativeTarget section */
		20090AE026DE3E9400AB7FAE /* sdfs */ = {
			isa = PBXNativeTarget;
			buildConfigurationList = 20090B0B26DE3E9500AB7FAE /* Build configuration list for PBXNativeTarget "sdfs" */;
			buildPhases = (
				20090ADD26DE3E9400AB7FAE /* Sources */,
				20090ADE26DE3E9400AB7FAE /* Frameworks */,
				20090ADF26DE3E9400AB7FAE /* Resources */,
			);
			buildRules = (
			);
			dependencies = (
			);
			name = sdfs;
			productName = sdfs;
			productReference = 20090AE126DE3E9400AB7FAE /* sdfs.app */;
			productType = "com.apple.product-type.application";
		};
		20090AF626DE3E9400AB7FAE /* sdfsTests */ = {
			isa = PBXNativeTarget;
			buildConfigurationList = 20090B0E26DE3E9500AB7FAE /* Build configuration list for PBXNativeTarget "sdfsTests" */;
			buildPhases = (
				20090AF326DE3E9400AB7FAE /* Sources */,
				20090AF426DE3E9400AB7FAE /* Frameworks */,
				20090AF526DE3E9400AB7FAE /* Resources */,
			);
			buildRules = (
			);
			dependencies = (
				20090AF926DE3E9400AB7FAE /* PBXTargetDependency */,
			);
			name = sdfsTests;
			productName = sdfsTests;
			productReference = 20090AF726DE3E9400AB7FAE /* sdfsTests.xctest */;
			productType = "com.apple.product-type.bundle.unit-test";
		};
		20090B0126DE3E9400AB7FAE /* sdfsUITests */ = {
			isa = PBXNativeTarget;
			buildConfigurationList = 20090B1126DE3E9500AB7FAE /* Build configuration list for PBXNativeTarget "sdfsUITests" */;
			buildPhases = (
				20090AFE26DE3E9400AB7FAE /* Sources */,
				20090AFF26DE3E9400AB7FAE /* Frameworks */,
				20090B0026DE3E9400AB7FAE /* Resources */,
			);
			buildRules = (
			);
			dependencies = (
				20090B0426DE3E9400AB7FAE /* PBXTargetDependency */,
			);
			name = sdfsUITests;
			productName = sdfsUITests;
			productReference = 20090B0226DE3E9400AB7FAE /* sdfsUITests.xctest */;
			productType = "com.apple.product-type.bundle.ui-testing";
		};
/* End PBXNativeTarget section */

/* Begin PBXProject section */
		20090AD926DE3E9400AB7FAE /* Project object */ = {
			isa = PBXProject;
			attributes = {
				LastSwiftUpdateCheck = 1250;
				LastUpgradeCheck = 1250;
				TargetAttributes = {
					20090AE026DE3E9400AB7FAE = {
						CreatedOnToolsVersion = 12.5.1;
					};
					20090AF626DE3E9400AB7FAE = {
						CreatedOnToolsVersion = 12.5.1;
						TestTargetID = 20090AE026DE3E9400AB7FAE;
					};
					20090B0126DE3E9400AB7FAE = {
						CreatedOnToolsVersion = 12.5.1;
						TestTargetID = 20090AE026DE3E9400AB7FAE;
					};
				};
			};
			buildConfigurationList = 20090ADC26DE3E9400AB7FAE /* Build configuration list for PBXProject "sdfs" */;
			compatibilityVersion = "Xcode 9.3";
			developmentRegion = en;
			hasScannedForEncodings = 0;
			knownRegions = (
				en,
				Base,
			);
			mainGroup = 20090AD826DE3E9400AB7FAE;
			productRefGroup = 20090AE226DE3E9400AB7FAE /* Products */;
			projectDirPath = "";
			projectRoot = "";
			targets = (
				20090AE026DE3E9400AB7FAE /* sdfs */,
				20090AF626DE3E9400AB7FAE /* sdfsTests */,
				20090B0126DE3E9400AB7FAE /* sdfsUITests */,
			);
		};
/* End PBXProject section */

/* Begin PBXResourcesBuildPhase section */
		20090ADF26DE3E9400AB7FAE /* Resources */ = {
			isa = PBXResourcesBuildPhase;
			buildActionMask = 2147483647;
			files = (
				20090AF126DE3E9400AB7FAE /* LaunchScreen.storyboard in Resources */,
				20090AEE26DE3E9400AB7FAE /* Assets.xcassets in Resources */,
				20090AEC26DE3E9400AB7FAE /* Main.storyboard in Resources */,
			);
			runOnlyForDeploymentPostprocessing = 0;
		};
		20090AF526DE3E9400AB7FAE /* Resources */ = {
			isa = PBXResourcesBuildPhase;
			buildActionMask = 2147483647;
			files = (
			);
			runOnlyForDeploymentPostprocessing = 0;
		};
		20090B0026DE3E9400AB7FAE /* Resources */ = {
			isa = PBXResourcesBuildPhase;
			buildActionMask = 2147483647;
			files = (
			);
			runOnlyForDeploymentPostprocessing = 0;
		};
/* End PBXResourcesBuildPhase section */

/* Begin PBXSourcesBuildPhase section */
		20090ADD26DE3E9400AB7FAE /* Sources */ = {
			isa = PBXSourcesBuildPhase;
			buildActionMask = 2147483647;
			files = (
				20090AE926DE3E9400AB7FAE /* LoginViewController.swift in Sources */,
				20090B1526DE3FF400AB7FAE /* BirthdayViewController.swift in Sources */,
				20090AE726DE3E9400AB7FAE /* SceneDelegate.swift in Sources */,
				208F62D926E0C9F8009BCA28 /* AppDelegate.swift in Sources */,
				20090B1726DE406C00AB7FAE /* AddPersonViewController.swift in Sources */,
			);
			runOnlyForDeploymentPostprocessing = 0;
		};
		20090AF326DE3E9400AB7FAE /* Sources */ = {
			isa = PBXSourcesBuildPhase;
			buildActionMask = 2147483647;
			files = (
				20090AFC26DE3E9400AB7FAE /* sdfsTests.swift in Sources */,
			);
			runOnlyForDeploymentPostprocessing = 0;
		};
		20090AFE26DE3E9400AB7FAE /* Sources */ = {
			isa = PBXSourcesBuildPhase;
			buildActionMask = 2147483647;
			files = (
				20090B0726DE3E9400AB7FAE /* sdfsUITests.swift in Sources */,
			);
			runOnlyForDeploymentPostprocessing = 0;
		};
/* End PBXSourcesBuildPhase section */

/* Begin PBXTargetDependency section */
		20090AF926DE3E9400AB7FAE /* PBXTargetDependency */ = {
			isa = PBXTargetDependency;
			target = 20090AE026DE3E9400AB7FAE /* sdfs */;
			targetProxy = 20090AF826DE3E9400AB7FAE /* PBXContainerItemProxy */;
		};
		20090B0426DE3E9400AB7FAE /* PBXTargetDependency */ = {
			isa = PBXTargetDependency;
			target = 20090AE026DE3E9400AB7FAE /* sdfs */;
			targetProxy = 20090B0326DE3E9400AB7FAE /* PBXContainerItemProxy */;
		};
/* End PBXTargetDependency section */

/* Begin PBXVariantGroup section */
		20090AEA26DE3E9400AB7FAE /* Main.storyboard */ = {
			isa = PBXVariantGroup;
			children = (
				20090AEB26DE3E9400AB7FAE /* Base */,
			);
			name = Main.storyboard;
			sourceTree = "<group>";
		};
		20090AEF26DE3E9400AB7FAE /* LaunchScreen.storyboard */ = {
			isa = PBXVariantGroup;
			children = (
				20090AF026DE3E9400AB7FAE /* Base */,
			);
			name = LaunchScreen.storyboard;
			sourceTree = "<group>";
		};
/* End PBXVariantGroup section */

/* Begin XCBuildConfiguration section */
		20090B0926DE3E9500AB7FAE /* Debug */ = {
			isa = XCBuildConfiguration;
			buildSettings = {
				ALWAYS_SEARCH_USER_PATHS = NO;
				CLANG_ANALYZER_NONNULL = YES;
				CLANG_ANALYZER_NUMBER_OBJECT_CONVERSION = YES_AGGRESSIVE;
				CLANG_CXX_LANGUAGE_STANDARD = "gnu++14";
				CLANG_CXX_LIBRARY = "libc++";
				CLANG_ENABLE_MODULES = YES;
				CLANG_ENABLE_OBJC_ARC = YES;
				CLANG_ENABLE_OBJC_WEAK = YES;
				CLANG_WARN_BLOCK_CAPTURE_AUTORELEASING = YES;
				CLANG_WARN_BOOL_CONVERSION = YES;
				CLANG_WARN_COMMA = YES;
				CLANG_WARN_CONSTANT_CONVERSION = YES;
				CLANG_WARN_DEPRECATED_OBJC_IMPLEMENTATIONS = YES;
				CLANG_WARN_DIRECT_OBJC_ISA_USAGE = YES_ERROR;
				CLANG_WARN_DOCUMENTATION_COMMENTS = YES;
				CLANG_WARN_EMPTY_BODY = YES;
				CLANG_WARN_ENUM_CONVERSION = YES;
				CLANG_WARN_INFINITE_RECURSION = YES;
				CLANG_WARN_INT_CONVERSION = YES;
				CLANG_WARN_NON_LITERAL_NULL_CONVERSION = YES;
				CLANG_WARN_OBJC_IMPLICIT_RETAIN_SELF = YES;
				CLANG_WARN_OBJC_LITERAL_CONVERSION = YES;
				CLANG_WARN_OBJC_ROOT_CLASS = YES_ERROR;
				CLANG_WARN_QUOTED_INCLUDE_IN_FRAMEWORK_HEADER = YES;
				CLANG_WARN_RANGE_LOOP_ANALYSIS = YES;
				CLANG_WARN_STRICT_PROTOTYPES = YES;
				CLANG_WARN_SUSPICIOUS_MOVE = YES;
				CLANG_WARN_UNGUARDED_AVAILABILITY = YES_AGGRESSIVE;
				CLANG_WARN_UNREACHABLE_CODE = YES;
				CLANG_WARN__DUPLICATE_METHOD_MATCH = YES;
				COPY_PHASE_STRIP = NO;
				DEBUG_INFORMATION_FORMAT = dwarf;
				ENABLE_STRICT_OBJC_MSGSEND = YES;
				ENABLE_TESTABILITY = YES;
				GCC_C_LANGUAGE_STANDARD = gnu11;
				GCC_DYNAMIC_NO_PIC = NO;
				GCC_NO_COMMON_BLOCKS = YES;
				GCC_OPTIMIZATION_LEVEL = 0;
				GCC_PREPROCESSOR_DEFINITIONS = (
					"DEBUG=1",
					"$(inherited)",
				);
				GCC_WARN_64_TO_32_BIT_CONVERSION = YES;
				GCC_WARN_ABOUT_RETURN_TYPE = YES_ERROR;
				GCC_WARN_UNDECLARED_SELECTOR = YES;
				GCC_WARN_UNINITIALIZED_AUTOS = YES_AGGRESSIVE;
				GCC_WARN_UNUSED_FUNCTION = YES;
				GCC_WARN_UNUSED_VARIABLE = YES;
				IPHONEOS_DEPLOYMENT_TARGET = 14.5;
				MTL_ENABLE_DEBUG_INFO = INCLUDE_SOURCE;
				MTL_FAST_MATH = YES;
				ONLY_ACTIVE_ARCH = YES;
				SDKROOT = iphoneos;
				SWIFT_ACTIVE_COMPILATION_CONDITIONS = DEBUG;
				SWIFT_OPTIMIZATION_LEVEL = "-Onone";
			};
			name = Debug;
		};
		20090B0A26DE3E9500AB7FAE /* Release */ = {
			isa = XCBuildConfiguration;
			buildSettings = {
				ALWAYS_SEARCH_USER_PATHS = NO;
				CLANG_ANALYZER_NONNULL = YES;
				CLANG_ANALYZER_NUMBER_OBJECT_CONVERSION = YES_AGGRESSIVE;
				CLANG_CXX_LANGUAGE_STANDARD = "gnu++14";
				CLANG_CXX_LIBRARY = "libc++";
				CLANG_ENABLE_MODULES = YES;
				CLANG_ENABLE_OBJC_ARC = YES;
				CLANG_ENABLE_OBJC_WEAK = YES;
				CLANG_WARN_BLOCK_CAPTURE_AUTORELEASING = YES;
				CLANG_WARN_BOOL_CONVERSION = YES;
				CLANG_WARN_COMMA = YES;
				CLANG_WARN_CONSTANT_CONVERSION = YES;
				CLANG_WARN_DEPRECATED_OBJC_IMPLEMENTATIONS = YES;
				CLANG_WARN_DIRECT_OBJC_ISA_USAGE = YES_ERROR;
				CLANG_WARN_DOCUMENTATION_COMMENTS = YES;
				CLANG_WARN_EMPTY_BODY = YES;
				CLANG_WARN_ENUM_CONVERSION = YES;
				CLANG_WARN_INFINITE_RECURSION = YES;
				CLANG_WARN_INT_CONVERSION = YES;
				CLANG_WARN_NON_LITERAL_NULL_CONVERSION = YES;
				CLANG_WARN_OBJC_IMPLICIT_RETAIN_SELF = YES;
				CLANG_WARN_OBJC_LITERAL_CONVERSION = YES;
				CLANG_WARN_OBJC_ROOT_CLASS = YES_ERROR;
				CLANG_WARN_QUOTED_INCLUDE_IN_FRAMEWORK_HEADER = YES;
				CLANG_WARN_RANGE_LOOP_ANALYSIS = YES;
				CLANG_WARN_STRICT_PROTOTYPES = YES;
				CLANG_WARN_SUSPICIOUS_MOVE = YES;
				CLANG_WARN_UNGUARDED_AVAILABILITY = YES_AGGRESSIVE;
				CLANG_WARN_UNREACHABLE_CODE = YES;
				CLANG_WARN__DUPLICATE_METHOD_MATCH = YES;
				COPY_PHASE_STRIP = NO;
				DEBUG_INFORMATION_FORMAT = "dwarf-with-dsym";
				ENABLE_NS_ASSERTIONS = NO;
				ENABLE_STRICT_OBJC_MSGSEND = YES;
				GCC_C_LANGUAGE_STANDARD = gnu11;
				GCC_NO_COMMON_BLOCKS = YES;
				GCC_WARN_64_TO_32_BIT_CONVERSION = YES;
				GCC_WARN_ABOUT_RETURN_TYPE = YES_ERROR;
				GCC_WARN_UNDECLARED_SELECTOR = YES;
				GCC_WARN_UNINITIALIZED_AUTOS = YES_AGGRESSIVE;
				GCC_WARN_UNUSED_FUNCTION = YES;
				GCC_WARN_UNUSED_VARIABLE = YES;
				IPHONEOS_DEPLOYMENT_TARGET = 14.5;
				MTL_ENABLE_DEBUG_INFO = NO;
				MTL_FAST_MATH = YES;
				SDKROOT = iphoneos;
				SWIFT_COMPILATION_MODE = wholemodule;
				SWIFT_OPTIMIZATION_LEVEL = "-O";
				VALIDATE_PRODUCT = YES;
			};
			name = Release;
		};
		20090B0C26DE3E9500AB7FAE /* Debug */ = {
			isa = XCBuildConfiguration;
			buildSettings = {
				ASSETCATALOG_COMPILER_APPICON_NAME = AppIcon;
				ASSETCATALOG_COMPILER_GLOBAL_ACCENT_COLOR_NAME = AccentColor;
				CODE_SIGN_STYLE = Automatic;
				INFOPLIST_FILE = sdfs/Info.plist;
				LD_RUNPATH_SEARCH_PATHS = (
					"$(inherited)",
					"@executable_path/Frameworks",
				);
				PRODUCT_BUNDLE_IDENTIFIER = emil.sdfs;
				PRODUCT_NAME = "$(TARGET_NAME)";
				SWIFT_VERSION = 5.0;
				TARGETED_DEVICE_FAMILY = "1,2";
			};
			name = Debug;
		};
		20090B0D26DE3E9500AB7FAE /* Release */ = {
			isa = XCBuildConfiguration;
			buildSettings = {
				ASSETCATALOG_COMPILER_APPICON_NAME = AppIcon;
				ASSETCATALOG_COMPILER_GLOBAL_ACCENT_COLOR_NAME = AccentColor;
				CODE_SIGN_STYLE = Automatic;
				INFOPLIST_FILE = sdfs/Info.plist;
				LD_RUNPATH_SEARCH_PATHS = (
					"$(inherited)",
					"@executable_path/Frameworks",
				);
				PRODUCT_BUNDLE_IDENTIFIER = emil.sdfs;
				PRODUCT_NAME = "$(TARGET_NAME)";
				SWIFT_VERSION = 5.0;
				TARGETED_DEVICE_FAMILY = "1,2";
			};
			name = Release;
		};
		20090B0F26DE3E9500AB7FAE /* Debug */ = {
			isa = XCBuildConfiguration;
			buildSettings = {
				ALWAYS_EMBED_SWIFT_STANDARD_LIBRARIES = YES;
				BUNDLE_LOADER = "$(TEST_HOST)";
				CODE_SIGN_STYLE = Automatic;
				INFOPLIST_FILE = sdfsTests/Info.plist;
				IPHONEOS_DEPLOYMENT_TARGET = 14.5;
				LD_RUNPATH_SEARCH_PATHS = (
					"$(inherited)",
					"@executable_path/Frameworks",
					"@loader_path/Frameworks",
				);
				PRODUCT_BUNDLE_IDENTIFIER = emil.sdfsTests;
				PRODUCT_NAME = "$(TARGET_NAME)";
				SWIFT_VERSION = 5.0;
				TARGETED_DEVICE_FAMILY = "1,2";
				TEST_HOST = "$(BUILT_PRODUCTS_DIR)/sdfs.app/sdfs";
			};
			name = Debug;
		};
		20090B1026DE3E9500AB7FAE /* Release */ = {
			isa = XCBuildConfiguration;
			buildSettings = {
				ALWAYS_EMBED_SWIFT_STANDARD_LIBRARIES = YES;
				BUNDLE_LOADER = "$(TEST_HOST)";
				CODE_SIGN_STYLE = Automatic;
				INFOPLIST_FILE = sdfsTests/Info.plist;
				IPHONEOS_DEPLOYMENT_TARGET = 14.5;
				LD_RUNPATH_SEARCH_PATHS = (
					"$(inherited)",
					"@executable_path/Frameworks",
					"@loader_path/Frameworks",
				);
				PRODUCT_BUNDLE_IDENTIFIER = emil.sdfsTests;
				PRODUCT_NAME = "$(TARGET_NAME)";
				SWIFT_VERSION = 5.0;
				TARGETED_DEVICE_FAMILY = "1,2";
				TEST_HOST = "$(BUILT_PRODUCTS_DIR)/sdfs.app/sdfs";
			};
			name = Release;
		};
		20090B1226DE3E9500AB7FAE /* Debug */ = {
			isa = XCBuildConfiguration;
			buildSettings = {
				ALWAYS_EMBED_SWIFT_STANDARD_LIBRARIES = YES;
				CODE_SIGN_STYLE = Automatic;
				INFOPLIST_FILE = sdfsUITests/Info.plist;
				LD_RUNPATH_SEARCH_PATHS = (
					"$(inherited)",
					"@executable_path/Frameworks",
					"@loader_path/Frameworks",
				);
				PRODUCT_BUNDLE_IDENTIFIER = emil.sdfsUITests;
				PRODUCT_NAME = "$(TARGET_NAME)";
				SWIFT_VERSION = 5.0;
				TARGETED_DEVICE_FAMILY = "1,2";
				TEST_TARGET_NAME = sdfs;
			};
			name = Debug;
		};
		20090B1326DE3E9500AB7FAE /* Release */ = {
			isa = XCBuildConfiguration;
			buildSettings = {
				ALWAYS_EMBED_SWIFT_STANDARD_LIBRARIES = YES;
				CODE_SIGN_STYLE = Automatic;
				INFOPLIST_FILE = sdfsUITests/Info.plist;
				LD_RUNPATH_SEARCH_PATHS = (
					"$(inherited)",
					"@executable_path/Frameworks",
					"@loader_path/Frameworks",
				);
				PRODUCT_BUNDLE_IDENTIFIER = emil.sdfsUITests;
				PRODUCT_NAME = "$(TARGET_NAME)";
				SWIFT_VERSION = 5.0;
				TARGETED_DEVICE_FAMILY = "1,2";
				TEST_TARGET_NAME = sdfs;
			};
			name = Release;
		};
/* End XCBuildConfiguration section */

/* Begin XCConfigurationList section */
		20090ADC26DE3E9400AB7FAE /* Build configuration list for PBXProject "sdfs" */ = {
			isa = XCConfigurationList;
			buildConfigurations = (
				20090B0926DE3E9500AB7FAE /* Debug */,
				20090B0A26DE3E9500AB7FAE /* Release */,
			);
			defaultConfigurationIsVisible = 0;
			defaultConfigurationName = Release;
		};
		20090B0B26DE3E9500AB7FAE /* Build configuration list for PBXNativeTarget "sdfs" */ = {
			isa = XCConfigurationList;
			buildConfigurations = (
				20090B0C26DE3E9500AB7FAE /* Debug */,
				20090B0D26DE3E9500AB7FAE /* Release */,
			);
			defaultConfigurationIsVisible = 0;
			defaultConfigurationName = Release;
		};
		20090B0E26DE3E9500AB7FAE /* Build configuration list for PBXNativeTarget "sdfsTests" */ = {
			isa = XCConfigurationList;
			buildConfigurations = (
				20090B0F26DE3E9500AB7FAE /* Debug */,
				20090B1026DE3E9500AB7FAE /* Release */,
			);
			defaultConfigurationIsVisible = 0;
			defaultConfigurationName = Release;
		};
		20090B1126DE3E9500AB7FAE /* Build configuration list for PBXNativeTarget "sdfsUITests" */ = {
			isa = XCConfigurationList;
			buildConfigurations = (
				20090B1226DE3E9500AB7FAE /* Debug */,
				20090B1326DE3E9500AB7FAE /* Release */,
			);
			defaultConfigurationIsVisible = 0;
			defaultConfigurationName = Release;
		};
/* End XCConfigurationList section */
	};
	rootObject = 20090AD926DE3E9400AB7FAE /* Project object */;
}
